
Microsoft Visual Studio Solution File, Format Version 12.00
# Visual Studio Version 16
VisualStudioVersion = 16.0.30709.132
MinimumVisualStudioVersion = 10.0.40219.1
Project("{FAE04EC0-301F-11D3-BF4B-00C04F79EFBC}") = "StructRecordGenerator", "StructRecordGenerator\StructRecordGenerator.csproj", "{BD514ABE-9B77-415B-8946-0C3AA9635456}"
EndProject
Project("{FAE04EC0-301F-11D3-BF4B-00C04F79EFBC}") = "StructRecordGenerator.Tests", "StructRecordGenerator.Tests\StructRecordGenerator.Tests.csproj", "{9AD24292-A992-49F0-B63D-845A4C2EC105}"
EndProject
Global
	GlobalSection(SolutionConfigurationPlatforms) = preSolution
		Debug|Any CPU = Debug|Any CPU
		Release|Any CPU = Release|Any CPU
	EndGlobalSection
	GlobalSection(ProjectConfigurationPlatforms) = postSolution
		{BD514ABE-9B77-415B-8946-0C3AA9635456}.Debug|Any CPU.ActiveCfg = Debug|Any CPU
		{BD514ABE-9B77-415B-8946-0C3AA9635456}.Debug|Any CPU.Build.0 = Debug|Any CPU
		{BD514ABE-9B77-415B-8946-0C3AA9635456}.Release|Any CPU.ActiveCfg = Release|Any CPU
		{BD514ABE-9B77-415B-8946-0C3AA9635456}.Release|Any CPU.Build.0 = Release|Any CPU
		{9AD24292-A992-49F0-B63D-845A4C2EC105}.Debug|Any CPU.ActiveCfg = Debug|Any CPU
		{9AD24292-A992-49F0-B63D-845A4C2EC105}.Debug|Any CPU.Build.0 = Debug|Any CPU
		{9AD24292-A992-49F0-B63D-845A4C2EC105}.Release|Any CPU.ActiveCfg = Release|Any CPU
		{9AD24292-A992-49F0-B63D-845A4C2EC105}.Release|Any CPU.Build.0 = Release|Any CPU
	EndGlobalSection
	GlobalSection(SolutionProperties) = preSolution
		HideSolutionNode = FALSE
	EndGlobalSection
	GlobalSection(ExtensibilityGlobals) = postSolution
		SolutionGuid = {5724579C-44AD-4F82-9E2D-DE242F8A53AF}
	EndGlobalSection
EndGlobal
